PODS:
  - mpp_hierarhical (1.0)
  - MultiPlatformLibrary (0.1.0)

DEPENDENCIES:
  - mpp_hierarhical (from `../mpp-hierarhical`)
  - MultiPlatformLibrary (from `../mpp-library`)

EXTERNAL SOURCES:
  mpp_hierarhical:
    :path: "../mpp-hierarhical"
  MultiPlatformLibrary:
    :path: "../mpp-library"

SPEC CHECKSUMS:
  mpp_hierarhical: 8ea2466bf26a2cf59d466e44ab634b755c435f07
  MultiPlatformLibrary: b3a7ad5042414b79af4b469037a116eae383fb08

PODFILE CHECKSUM: f0c3cdabcc5ee37fe65b6ecd54b1f04017dbea93

COCOAPODS: 1.11.2
