// !$*UTF8*$!
{
	archiveVersion = 1;
	classes = {
	};
	objectVersion = 51;
	objects = {

/* Begin PBXBuildFile section */
		17560E06257D26DB00955BDE /* AppDelegate.swift in Sources */ = {isa = PBXBuildFile; fileRef = 17560E05257D26DB00955BDE /* AppDelegate.swift */; };
		17560E08257D26DB00955BDE /* ContentView.swift in Sources */ = {isa = PBXBuildFile; fileRef = 17560E07257D26DB00955BDE /* ContentView.swift */; };
		17560E0A257D26DE00955BDE /* Assets.xcassets in Resources */ = {isa = PBXBuildFile; fileRef = 17560E09257D26DE00955BDE /* Assets.xcassets */; };
		17560E0D257D26DE00955BDE /* Preview Assets.xcassets in Resources */ = {isa = PBXBuildFile; fileRef = 17560E0C257D26DE00955BDE /* Preview Assets.xcassets */; };
		17560E10257D26DE00955BDE /* Main.storyboard in Resources */ = {isa = PBXBuildFile; fileRef = 17560E0E257D26DE00955BDE /* Main.storyboard */; };
		3AED644A06FE646333BECD98 /* Pods_TestProj.framework in Frameworks */ = {isa = PBXBuildFile; fileRef = 1240A7D0B1735F2C8C7A1DC9 /* Pods_TestProj.framework */; };
/* End PBXBuildFile section */

/* Begin PBXFileReference section */
		1240A7D0B1735F2C8C7A1DC9 /* Pods_TestProj.framework */ = {isa = PBXFileReference; explicitFileType = wrapper.framework; includeInIndex = 0; path = Pods_TestProj.framework; sourceTree = BUILT_PRODUCTS_DIR; };
		17560E02257D26DB00955BDE /* TestProj.app */ = {isa = PBXFileReference; explicitFileType = wrapper.application; includeInIndex = 0; path = TestProj.app; sourceTree = BUILT_PRODUCTS_DIR; };
		17560E05257D26DB00955BDE /* AppDelegate.swift */ = {isa = PBXFileReference; lastKnownFileType = sourcecode.swift; path = AppDelegate.swift; sourceTree = "<group>"; };
		17560E07257D26DB00955BDE /* ContentView.swift */ = {isa = PBXFileReference; lastKnownFileType = sourcecode.swift; path = ContentView.swift; sourceTree = "<group>"; };
		17560E09257D26DE00955BDE /* Assets.xcassets */ = {isa = PBXFileReference; lastKnownFileType = folder.assetcatalog; path = Assets.xcassets; sourceTree = "<group>"; };
		17560E0C257D26DE00955BDE /* Preview Assets.xcassets */ = {isa = PBXFileReference; lastKnownFileType = folder.assetcatalog; path = "Preview Assets.xcassets"; sourceTree = "<group>"; };
		17560E0F257D26DE00955BDE /* Base */ = {isa = PBXFileReference; lastKnownFileType = file.storyboard; name = Base; path = Base.lproj/Main.storyboard; sourceTree = "<group>"; };
		17560E11257D26DE00955BDE /* Info.plist */ = {isa = PBXFileReference; lastKnownFileType = text.plist.xml; path = Info.plist; sourceTree = "<group>"; };
		17560E12257D26DE00955BDE /* macos_app.entitlements */ = {isa = PBXFileReference; lastKnownFileType = text.plist.entitlements; path = macos_app.entitlements; sourceTree = "<group>"; };
		2CBDBC3D4A2F59D0B303E34E /* Pods-TestProj.release.xcconfig */ = {isa = PBXFileReference; includeInIndex = 1; lastKnownFileType = text.xcconfig; name = "Pods-TestProj.release.xcconfig"; path = "Target Support Files/Pods-TestProj/Pods-TestProj.release.xcconfig"; sourceTree = "<group>"; };
		3AFD6A579905BA476AFD74AD /* Pods-TestHierarhical.release.xcconfig */ = {isa = PBXFileReference; includeInIndex = 1; lastKnownFileType = text.xcconfig; name = "Pods-TestHierarhical.release.xcconfig"; path = "Target Support Files/Pods-TestHierarhical/Pods-TestHierarhical.release.xcconfig"; sourceTree = "<group>"; };
		481C9F1B9603758AB582AE06 /* Pods-TestProj.debug.xcconfig */ = {isa = PBXFileReference; includeInIndex = 1; lastKnownFileType = text.xcconfig; name = "Pods-TestProj.debug.xcconfig"; path = "Target Support Files/Pods-TestProj/Pods-TestProj.debug.xcconfig"; sourceTree = "<group>"; };
		4C787213FA6457885409E393 /* Pods-TestHierarhical.debug.xcconfig */ = {isa = PBXFileReference; includeInIndex = 1; lastKnownFileType = text.xcconfig; name = "Pods-TestHierarhical.debug.xcconfig"; path = "Target Support Files/Pods-TestHierarhical/Pods-TestHierarhical.debug.xcconfig"; sourceTree = "<group>"; };
		5F047B5B0CC6D592071F017C /* Pods_TestHierarhical.framework */ = {isa = PBXFileReference; explicitFileType = wrapper.framework; includeInIndex = 0; path = Pods_TestHierarhical.framework; sourceTree = BUILT_PRODUCTS_DIR; };
/* End PBXFileReference section */

/* Begin PBXFrameworksBuildPhase section */
		17560DFF257D26DB00955BDE /* Frameworks */ = {
			isa = PBXFrameworksBuildPhase;
			buildActionMask = 2147483647;
			files = (
				3AED644A06FE646333BECD98 /* Pods_TestProj.framework in Frameworks */,
			);
			runOnlyForDeploymentPostprocessing = 0;
		};
/* End PBXFrameworksBuildPhase section */

/* Begin PBXGroup section */
		17560DF9257D26DB00955BDE = {
			isa = PBXGroup;
			children = (
				17560E04257D26DB00955BDE /* macos-app */,
				17560E03257D26DB00955BDE /* Products */,
				BB76CCBC2C80BE4886081DFB /* Pods */,
				FEB94FB6A8400A54E2BEC5F2 /* Frameworks */,
			);
			sourceTree = "<group>";
		};
		17560E03257D26DB00955BDE /* Products */ = {
			isa = PBXGroup;
			children = (
				17560E02257D26DB00955BDE /* TestProj.app */,
			);
			name = Products;
			sourceTree = "<group>";
		};
		17560E04257D26DB00955BDE /* macos-app */ = {
			isa = PBXGroup;
			children = (
				17560E05257D26DB00955BDE /* AppDelegate.swift */,
				17560E07257D26DB00955BDE /* ContentView.swift */,
				17560E09257D26DE00955BDE /* Assets.xcassets */,
				17560E0E257D26DE00955BDE /* Main.storyboard */,
				17560E11257D26DE00955BDE /* Info.plist */,
				17560E12257D26DE00955BDE /* macos_app.entitlements */,
				17560E0B257D26DE00955BDE /* Preview Content */,
			);
			path = "macos-app";
			sourceTree = "<group>";
		};
		17560E0B257D26DE00955BDE /* Preview Content */ = {
			isa = PBXGroup;
			children = (
				17560E0C257D26DE00955BDE /* Preview Assets.xcassets */,
			);
			path = "Preview Content";
			sourceTree = "<group>";
		};
		BB76CCBC2C80BE4886081DFB /* Pods */ = {
			isa = PBXGroup;
			children = (
				4C787213FA6457885409E393 /* Pods-TestHierarhical.debug.xcconfig */,
				3AFD6A579905BA476AFD74AD /* Pods-TestHierarhical.release.xcconfig */,
				481C9F1B9603758AB582AE06 /* Pods-TestProj.debug.xcconfig */,
				2CBDBC3D4A2F59D0B303E34E /* Pods-TestProj.release.xcconfig */,
			);
			path = Pods;
			sourceTree = "<group>";
		};
		FEB94FB6A8400A54E2BEC5F2 /* Frameworks */ = {
			isa = PBXGroup;
			children = (
				5F047B5B0CC6D592071F017C /* Pods_TestHierarhical.framework */,
				1240A7D0B1735F2C8C7A1DC9 /* Pods_TestProj.framework */,
			);
			name = Frameworks;
			sourceTree = "<group>";
		};
/* End PBXGroup section */

/* Begin PBXNativeTarget section */
		17560E01257D26DB00955BDE /* TestProj */ = {
			isa = PBXNativeTarget;
			buildConfigurationList = 17560E15257D26DE00955BDE /* Build configuration list for PBXNativeTarget "TestProj" */;
			buildPhases = (
				980F72D4EB5C3A5D404DDED1 /* [CP] Check Pods Manifest.lock */,
				17560DFE257D26DB00955BDE /* Sources */,
				17560DFF257D26DB00955BDE /* Frameworks */,
				17560E00257D26DB00955BDE /* Resources */,
				341CEFA2AE97973020645711 /* [CP] Embed Pods Frameworks */,
			);
			buildRules = (
			);
			dependencies = (
			);
			name = TestProj;
			productName = "macos-app";
			productReference = 17560E02257D26DB00955BDE /* TestProj.app */;
			productType = "com.apple.product-type.application";
		};
/* End PBXNativeTarget section */

/* Begin PBXProject section */
		17560DFA257D26DB00955BDE /* Project object */ = {
			isa = PBXProject;
			attributes = {
				LastSwiftUpdateCheck = 1210;
				LastUpgradeCheck = 1210;
				TargetAttributes = {
					17560E01257D26DB00955BDE = {
						CreatedOnToolsVersion = 12.1;
					};
				};
			};
			buildConfigurationList = 17560DFD257D26DB00955BDE /* Build configuration list for PBXProject "macos-app" */;
			compatibilityVersion = "Xcode 9.3";
			developmentRegion = en;
			hasScannedForEncodings = 0;
			knownRegions = (
				en,
				Base,
			);
			mainGroup = 17560DF9257D26DB00955BDE;
			productRefGroup = 17560E03257D26DB00955BDE /* Products */;
			projectDirPath = "";
			projectRoot = "";
			targets = (
				17560E01257D26DB00955BDE /* TestProj */,
			);
		};
/* End PBXProject section */

/* Begin PBXResourcesBuildPhase section */
		17560E00257D26DB00955BDE /* Resources */ = {
			isa = PBXResourcesBuildPhase;
			buildActionMask = 2147483647;
			files = (
				17560E10257D26DE00955BDE /* Main.storyboard in Resources */,
				17560E0D257D26DE00955BDE /* Preview Assets.xcassets in Resources */,
				17560E0A257D26DE00955BDE /* Assets.xcassets in Resources */,
			);
			runOnlyForDeploymentPostprocessing = 0;
		};
/* End PBXResourcesBuildPhase section */

/* Begin PBXShellScriptBuildPhase section */
		341CEFA2AE97973020645711 /* [CP] Embed Pods Frameworks */ = {
			isa = PBXShellScriptBuildPhase;
			buildActionMask = 2147483647;
			files = (
			);
			inputFileListPaths = (
				"${PODS_ROOT}/Target Support Files/Pods-TestProj/Pods-TestProj-frameworks-${CONFIGURATION}-input-files.xcfilelist",
			);
			name = "[CP] Embed Pods Frameworks";
			outputFileListPaths = (
				"${PODS_ROOT}/Target Support Files/Pods-TestProj/Pods-TestProj-frameworks-${CONFIGURATION}-output-files.xcfilelist",
			);
			runOnlyForDeploymentPostprocessing = 0;
			shellPath = /bin/sh;
			shellScript = "\"${PODS_ROOT}/Target Support Files/Pods-TestProj/Pods-TestProj-frameworks.sh\"\n";
			showEnvVarsInLog = 0;
		};
		980F72D4EB5C3A5D404DDED1 /* [CP] Check Pods Manifest.lock */ = {
			isa = PBXShellScriptBuildPhase;
			buildActionMask = 2147483647;
			files = (
			);
			inputFileListPaths = (
			);
			inputPaths = (
				"${PODS_PODFILE_DIR_PATH}/Podfile.lock",
				"${PODS_ROOT}/Manifest.lock",
			);
			name = "[CP] Check Pods Manifest.lock";
			outputFileListPaths = (
			);
			outputPaths = (
				"$(DERIVED_FILE_DIR)/Pods-TestProj-checkManifestLockResult.txt",
			);
			runOnlyForDeploymentPostprocessing = 0;
			shellPath = /bin/sh;
			shellScript = "diff \"${PODS_PODFILE_DIR_PATH}/Podfile.lock\" \"${PODS_ROOT}/Manifest.lock\" > /dev/null\nif [ $? != 0 ] ; then\n    # print error to STDERR\n    echo \"error: The sandbox is not in sync with the Podfile.lock. Run 'pod install' or update your CocoaPods installation.\" >&2\n    exit 1\nfi\n# This output is used by Xcode 'outputs' to avoid re-running this script phase.\necho \"SUCCESS\" > \"${SCRIPT_OUTPUT_FILE_0}\"\n";
			showEnvVarsInLog = 0;
		};
/* End PBXShellScriptBuildPhase section */

/* Begin PBXSourcesBuildPhase section */
		17560DFE257D26DB00955BDE /* Sources */ = {
			isa = PBXSourcesBuildPhase;
			buildActionMask = 2147483647;
			files = (
				17560E08257D26DB00955BDE /* ContentView.swift in Sources */,
				17560E06257D26DB00955BDE /* AppDelegate.swift in Sources */,
			);
			runOnlyForDeploymentPostprocessing = 0;
		};
/* End PBXSourcesBuildPhase section */

/* Begin PBXVariantGroup section */
		17560E0E257D26DE00955BDE /* Main.storyboard */ = {
			isa = PBXVariantGroup;
			children = (
				17560E0F257D26DE00955BDE /* Base */,
			);
			name = Main.storyboard;
			sourceTree = "<group>";
		};
/* End PBXVariantGroup section */

/* Begin XCBuildConfiguration section */
		17560E13257D26DE00955BDE /* Debug */ = {
			isa = XCBuildConfiguration;
			buildSettings = {
				ALWAYS_SEARCH_USER_PATHS = NO;
				CLANG_ANALYZER_NONNULL = YES;
				CLANG_ANALYZER_NUMBER_OBJECT_CONVERSION = YES_AGGRESSIVE;
				CLANG_CXX_LANGUAGE_STANDARD = "gnu++14";
				CLANG_CXX_LIBRARY = "libc++";
				CLANG_ENABLE_MODULES = YES;
				CLANG_ENABLE_OBJC_ARC = YES;
				CLANG_ENABLE_OBJC_WEAK = YES;
				CLANG_WARN_BLOCK_CAPTURE_AUTORELEASING = YES;
				CLANG_WARN_BOOL_CONVERSION = YES;
				CLANG_WARN_COMMA = YES;
				CLANG_WARN_CONSTANT_CONVERSION = YES;
				CLANG_WARN_DEPRECATED_OBJC_IMPLEMENTATIONS = YES;
				CLANG_WARN_DIRECT_OBJC_ISA_USAGE = YES_ERROR;
				CLANG_WARN_DOCUMENTATION_COMMENTS = YES;
				CLANG_WARN_EMPTY_BODY = YES;
				CLANG_WARN_ENUM_CONVERSION = YES;
				CLANG_WARN_INFINITE_RECURSION = YES;
				CLANG_WARN_INT_CONVERSION = YES;
				CLANG_WARN_NON_LITERAL_NULL_CONVERSION = YES;
				CLANG_WARN_OBJC_IMPLICIT_RETAIN_SELF = YES;
				CLANG_WARN_OBJC_LITERAL_CONVERSION = YES;
				CLANG_WARN_OBJC_ROOT_CLASS = YES_ERROR;
				CLANG_WARN_QUOTED_INCLUDE_IN_FRAMEWORK_HEADER = YES;
				CLANG_WARN_RANGE_LOOP_ANALYSIS = YES;
				CLANG_WARN_STRICT_PROTOTYPES = YES;
				CLANG_WARN_SUSPICIOUS_MOVE = YES;
				CLANG_WARN_UNGUARDED_AVAILABILITY = YES_AGGRESSIVE;
				CLANG_WARN_UNREACHABLE_CODE = YES;
				CLANG_WARN__DUPLICATE_METHOD_MATCH = YES;
				COPY_PHASE_STRIP = NO;
				DEBUG_INFORMATION_FORMAT = dwarf;
				ENABLE_STRICT_OBJC_MSGSEND = YES;
				ENABLE_TESTABILITY = YES;
				GCC_C_LANGUAGE_STANDARD = gnu11;
				GCC_DYNAMIC_NO_PIC = NO;
				GCC_NO_COMMON_BLOCKS = YES;
				GCC_OPTIMIZATION_LEVEL = 0;
				GCC_PREPROCESSOR_DEFINITIONS = (
					"DEBUG=1",
					"$(inherited)",
				);
				GCC_WARN_64_TO_32_BIT_CONVERSION = YES;
				GCC_WARN_ABOUT_RETURN_TYPE = YES_ERROR;
				GCC_WARN_UNDECLARED_SELECTOR = YES;
				GCC_WARN_UNINITIALIZED_AUTOS = YES_AGGRESSIVE;
				GCC_WARN_UNUSED_FUNCTION = YES;
				GCC_WARN_UNUSED_VARIABLE = YES;
				MACOSX_DEPLOYMENT_TARGET = 10.15;
				MTL_ENABLE_DEBUG_INFO = INCLUDE_SOURCE;
				MTL_FAST_MATH = YES;
				ONLY_ACTIVE_ARCH = YES;
				SDKROOT = macosx;
				SWIFT_ACTIVE_COMPILATION_CONDITIONS = DEBUG;
				SWIFT_OPTIMIZATION_LEVEL = "-Onone";
			};
			name = Debug;
		};
		17560E14257D26DE00955BDE /* Release */ = {
			isa = XCBuildConfiguration;
			buildSettings = {
				ALWAYS_SEARCH_USER_PATHS = NO;
				CLANG_ANALYZER_NONNULL = YES;
				CLANG_ANALYZER_NUMBER_OBJECT_CONVERSION = YES_AGGRESSIVE;
				CLANG_CXX_LANGUAGE_STANDARD = "gnu++14";
				CLANG_CXX_LIBRARY = "libc++";
				CLANG_ENABLE_MODULES = YES;
				CLANG_ENABLE_OBJC_ARC = YES;
				CLANG_ENABLE_OBJC_WEAK = YES;
				CLANG_WARN_BLOCK_CAPTURE_AUTORELEASING = YES;
				CLANG_WARN_BOOL_CONVERSION = YES;
				CLANG_WARN_COMMA = YES;
				CLANG_WARN_CONSTANT_CONVERSION = YES;
				CLANG_WARN_DEPRECATED_OBJC_IMPLEMENTATIONS = YES;
				CLANG_WARN_DIRECT_OBJC_ISA_USAGE = YES_ERROR;
				CLANG_WARN_DOCUMENTATION_COMMENTS = YES;
				CLANG_WARN_EMPTY_BODY = YES;
				CLANG_WARN_ENUM_CONVERSION = YES;
				CLANG_WARN_INFINITE_RECURSION = YES;
				CLANG_WARN_INT_CONVERSION = YES;
				CLANG_WARN_NON_LITERAL_NULL_CONVERSION = YES;
				CLANG_WARN_OBJC_IMPLICIT_RETAIN_SELF = YES;
				CLANG_WARN_OBJC_LITERAL_CONVERSION = YES;
				CLANG_WARN_OBJC_ROOT_CLASS = YES_ERROR;
				CLANG_WARN_QUOTED_INCLUDE_IN_FRAMEWORK_HEADER = YES;
				CLANG_WARN_RANGE_LOOP_ANALYSIS = YES;
				CLANG_WARN_STRICT_PROTOTYPES = YES;
				CLANG_WARN_SUSPICIOUS_MOVE = YES;
				CLANG_WARN_UNGUARDED_AVAILABILITY = YES_AGGRESSIVE;
				CLANG_WARN_UNREACHABLE_CODE = YES;
				CLANG_WARN__DUPLICATE_METHOD_MATCH = YES;
				COPY_PHASE_STRIP = NO;
				DEBUG_INFORMATION_FORMAT = "dwarf-with-dsym";
				ENABLE_NS_ASSERTIONS = NO;
				ENABLE_STRICT_OBJC_MSGSEND = YES;
				GCC_C_LANGUAGE_STANDARD = gnu11;
				GCC_NO_COMMON_BLOCKS = YES;
				GCC_WARN_64_TO_32_BIT_CONVERSION = YES;
				GCC_WARN_ABOUT_RETURN_TYPE = YES_ERROR;
				GCC_WARN_UNDECLARED_SELECTOR = YES;
				GCC_WARN_UNINITIALIZED_AUTOS = YES_AGGRESSIVE;
				GCC_WARN_UNUSED_FUNCTION = YES;
				GCC_WARN_UNUSED_VARIABLE = YES;
				MACOSX_DEPLOYMENT_TARGET = 10.15;
				MTL_ENABLE_DEBUG_INFO = NO;
				MTL_FAST_MATH = YES;
				SDKROOT = macosx;
				SWIFT_COMPILATION_MODE = wholemodule;
				SWIFT_OPTIMIZATION_LEVEL = "-O";
			};
			name = Release;
		};
		17560E16257D26DE00955BDE /* Debug */ = {
			isa = XCBuildConfiguration;
			baseConfigurationReference = 481C9F1B9603758AB582AE06 /* Pods-TestProj.debug.xcconfig */;
			buildSettings = {
				ASSETCATALOG_COMPILER_APPICON_NAME = AppIcon;
				ASSETCATALOG_COMPILER_GLOBAL_ACCENT_COLOR_NAME = AccentColor;
				CODE_SIGN_ENTITLEMENTS = "macos-app/macos_app.entitlements";
				CODE_SIGN_IDENTITY = "";
				CODE_SIGN_STYLE = Automatic;
				COMBINE_HIDPI_IMAGES = YES;
				DEVELOPMENT_ASSET_PATHS = "\"macos-app/Preview Content\"";
				ENABLE_PREVIEWS = YES;
				INFOPLIST_FILE = "macos-app/Info.plist";
				LD_RUNPATH_SEARCH_PATHS = (
					"$(inherited)",
					"@executable_path/../Frameworks",
				);
				MACOSX_DEPLOYMENT_TARGET = 10.15;
				OTHER_CODE_SIGN_FLAGS = "";
				PRODUCT_BUNDLE_IDENTIFIER = "dev.icerock.moko.macos-app";
				PRODUCT_NAME = "$(TARGET_NAME)";
				SWIFT_VERSION = 5.0;
			};
			name = Debug;
		};
		17560E17257D26DE00955BDE /* Release */ = {
			isa = XCBuildConfiguration;
			baseConfigurationReference = 2CBDBC3D4A2F59D0B303E34E /* Pods-TestProj.release.xcconfig */;
			buildSettings = {
				ASSETCATALOG_COMPILER_APPICON_NAME = AppIcon;
				ASSETCATALOG_COMPILER_GLOBAL_ACCENT_COLOR_NAME = AccentColor;
				CODE_SIGN_ENTITLEMENTS = "macos-app/macos_app.entitlements";
				CODE_SIGN_IDENTITY = "";
				CODE_SIGN_STYLE = Automatic;
				COMBINE_HIDPI_IMAGES = YES;
				DEVELOPMENT_ASSET_PATHS = "\"macos-app/Preview Content\"";
				ENABLE_PREVIEWS = YES;
				INFOPLIST_FILE = "macos-app/Info.plist";
				LD_RUNPATH_SEARCH_PATHS = (
					"$(inherited)",
					"@executable_path/../Frameworks",
				);
				MACOSX_DEPLOYMENT_TARGET = 10.15;
				OTHER_CODE_SIGN_FLAGS = "";
				PRODUCT_BUNDLE_IDENTIFIER = "dev.icerock.moko.macos-app";
				PRODUCT_NAME = "$(TARGET_NAME)";
				SWIFT_VERSION = 5.0;
			};
			name = Release;
		};
/* End XCBuildConfiguration section */

/* Begin XCConfigurationList section */
		17560DFD257D26DB00955BDE /* Build configuration list for PBXProject "macos-app" */ = {
			isa = XCConfigurationList;
			buildConfigurations = (
				17560E13257D26DE00955BDE /* Debug */,
				17560E14257D26DE00955BDE /* Release */,
			);
			defaultConfigurationIsVisible = 0;
			defaultConfigurationName = Release;
		};
		17560E15257D26DE00955BDE /* Build configuration list for PBXNativeTarget "TestProj" */ = {
			isa = XCConfigurationList;
			buildConfigurations = (
				17560E16257D26DE00955BDE /* Debug */,
				17560E17257D26DE00955BDE /* Release */,
			);
			defaultConfigurationIsVisible = 0;
			defaultConfigurationName = Release;
		};
/* End XCConfigurationList section */
	};
	rootObject = 17560DFA257D26DB00955BDE /* Project object */;
}
