// !$*UTF8*$!
{
	archiveVersion = 1;
	classes = {
	};
	objectVersion = 50;
	objects = {

/* Begin PBXBuildFile section */
		453177DD25020C530072545B /* AppDelegate.swift in Sources */ = {isa = PBXBuildFile; fileRef = 453177DC25020C530072545B /* AppDelegate.swift */; };
		453177DF25020C530072545B /* SceneDelegate.swift in Sources */ = {isa = PBXBuildFile; fileRef = 453177DE25020C530072545B /* SceneDelegate.swift */; };
		453177E125020C530072545B /* ViewController.swift in Sources */ = {isa = PBXBuildFile; fileRef = 453177E025020C530072545B /* ViewController.swift */; };
		453177E425020C530072545B /* Main.storyboard in Resources */ = {isa = PBXBuildFile; fileRef = 453177E225020C530072545B /* Main.storyboard */; };
		453177E625020C560072545B /* Assets.xcassets in Resources */ = {isa = PBXBuildFile; fileRef = 453177E525020C560072545B /* Assets.xcassets */; };
		453177E925020C560072545B /* LaunchScreen.storyboard in Resources */ = {isa = PBXBuildFile; fileRef = 453177E725020C560072545B /* LaunchScreen.storyboard */; };
		45D74FCC22BFDDFD00CAB0C8 /* TestViewController.swift in Sources */ = {isa = PBXBuildFile; fileRef = 45D74FCB22BFDDFD00CAB0C8 /* TestViewController.swift */; };
		45F4791D219463C7003D25FA /* LaunchScreen.storyboard in Resources */ = {isa = PBXBuildFile; fileRef = 45F47912219463C7003D25FA /* LaunchScreen.storyboard */; };
		45F4791E219463C7003D25FA /* Main.storyboard in Resources */ = {isa = PBXBuildFile; fileRef = 45F47914219463C7003D25FA /* Main.storyboard */; };
		45F47921219463C7003D25FA /* Assets.xcassets in Resources */ = {isa = PBXBuildFile; fileRef = 45F4791A219463C7003D25FA /* Assets.xcassets */; };
		45F47922219463C7003D25FA /* AppDelegate.swift in Sources */ = {isa = PBXBuildFile; fileRef = 45F4791B219463C7003D25FA /* AppDelegate.swift */; };
		77E5CCB183FB7BECF0D06678 /* Pods_TestHierarhical.framework in Frameworks */ = {isa = PBXBuildFile; fileRef = E7D09DAA14D4E64CD328EA9F /* Pods_TestHierarhical.framework */; };
		D12E949B70B48B1C73348710 /* Pods_TestProj.framework in Frameworks */ = {isa = PBXBuildFile; fileRef = 42EFA3EC31648151F2443F9D /* Pods_TestProj.framework */; };
/* End PBXBuildFile section */

/* Begin PBXFileReference section */
		05125DF0D13EF2DFC3209CED /* Pods-TestHierarhical.debug.xcconfig */ = {isa = PBXFileReference; includeInIndex = 1; lastKnownFileType = text.xcconfig; name = "Pods-TestHierarhical.debug.xcconfig"; path = "Target Support Files/Pods-TestHierarhical/Pods-TestHierarhical.debug.xcconfig"; sourceTree = "<group>"; };
		287627FF1F319065007FA12B /* mokoSampleResources.app */ = {isa = PBXFileReference; explicitFileType = wrapper.application; includeInIndex = 0; path = mokoSampleResources.app; sourceTree = BUILT_PRODUCTS_DIR; };
		42EFA3EC31648151F2443F9D /* Pods_TestProj.framework */ = {isa = PBXFileReference; explicitFileType = wrapper.framework; includeInIndex = 0; path = Pods_TestProj.framework; sourceTree = BUILT_PRODUCTS_DIR; };
		453177DA25020C530072545B /* TestHierarhical.app */ = {isa = PBXFileReference; explicitFileType = wrapper.application; includeInIndex = 0; path = TestHierarhical.app; sourceTree = BUILT_PRODUCTS_DIR; };
		453177DC25020C530072545B /* AppDelegate.swift */ = {isa = PBXFileReference; lastKnownFileType = sourcecode.swift; path = AppDelegate.swift; sourceTree = "<group>"; };
		453177DE25020C530072545B /* SceneDelegate.swift */ = {isa = PBXFileReference; lastKnownFileType = sourcecode.swift; path = SceneDelegate.swift; sourceTree = "<group>"; };
		453177E025020C530072545B /* ViewController.swift */ = {isa = PBXFileReference; lastKnownFileType = sourcecode.swift; path = ViewController.swift; sourceTree = "<group>"; };
		453177E325020C530072545B /* Base */ = {isa = PBXFileReference; lastKnownFileType = file.storyboard; name = Base; path = Base.lproj/Main.storyboard; sourceTree = "<group>"; };
		453177E525020C560072545B /* Assets.xcassets */ = {isa = PBXFileReference; lastKnownFileType = folder.assetcatalog; path = Assets.xcassets; sourceTree = "<group>"; };
		453177E825020C560072545B /* Base */ = {isa = PBXFileReference; lastKnownFileType = file.storyboard; name = Base; path = Base.lproj/LaunchScreen.storyboard; sourceTree = "<group>"; };
		453177EA25020C560072545B /* Info.plist */ = {isa = PBXFileReference; lastKnownFileType = text.plist.xml; path = Info.plist; sourceTree = "<group>"; };
		45964D362282A1FD00C16658 /* mpp-library */ = {isa = PBXFileReference; lastKnownFileType = folder; name = "mpp-library"; path = "../mpp-library"; sourceTree = "<group>"; };
		45D74FCB22BFDDFD00CAB0C8 /* TestViewController.swift */ = {isa = PBXFileReference; lastKnownFileType = sourcecode.swift; path = TestViewController.swift; sourceTree = "<group>"; };
		45F47913219463C7003D25FA /* Base */ = {isa = PBXFileReference; lastKnownFileType = file.storyboard; name = Base; path = Base.lproj/LaunchScreen.storyboard; sourceTree = "<group>"; };
		45F47915219463C7003D25FA /* Base */ = {isa = PBXFileReference; lastKnownFileType = file.storyboard; name = Base; path = Base.lproj/Main.storyboard; sourceTree = "<group>"; };
		45F4791A219463C7003D25FA /* Assets.xcassets */ = {isa = PBXFileReference; lastKnownFileType = folder.assetcatalog; path = Assets.xcassets; sourceTree = "<group>"; };
		45F4791B219463C7003D25FA /* AppDelegate.swift */ = {isa = PBXFileReference; fileEncoding = 4; lastKnownFileType = sourcecode.swift; path = AppDelegate.swift; sourceTree = "<group>"; };
		45F4791C219463C7003D25FA /* Info.plist */ = {isa = PBXFileReference; fileEncoding = 4; lastKnownFileType = text.plist.xml; path = Info.plist; sourceTree = "<group>"; };
		6DE60CC1CE316F8CDC57E298 /* Pods-TestProj.debug.xcconfig */ = {isa = PBXFileReference; includeInIndex = 1; lastKnownFileType = text.xcconfig; name = "Pods-TestProj.debug.xcconfig"; path = "Target Support Files/Pods-TestProj/Pods-TestProj.debug.xcconfig"; sourceTree = "<group>"; };
		A7AD8930FE9B24AEF6764C82 /* Pods-TestProj.release.xcconfig */ = {isa = PBXFileReference; includeInIndex = 1; lastKnownFileType = text.xcconfig; name = "Pods-TestProj.release.xcconfig"; path = "Target Support Files/Pods-TestProj/Pods-TestProj.release.xcconfig"; sourceTree = "<group>"; };
		C206BEEE1686BE166DF8AEC5 /* Pods-TestProj.stage.xcconfig */ = {isa = PBXFileReference; includeInIndex = 1; lastKnownFileType = text.xcconfig; name = "Pods-TestProj.stage.xcconfig"; path = "Target Support Files/Pods-TestProj/Pods-TestProj.stage.xcconfig"; sourceTree = "<group>"; };
		E4FC930E788011F7BBD38E8B /* Pods-TestHierarhical.release.xcconfig */ = {isa = PBXFileReference; includeInIndex = 1; lastKnownFileType = text.xcconfig; name = "Pods-TestHierarhical.release.xcconfig"; path = "Target Support Files/Pods-TestHierarhical/Pods-TestHierarhical.release.xcconfig"; sourceTree = "<group>"; };
		E7D09DAA14D4E64CD328EA9F /* Pods_TestHierarhical.framework */ = {isa = PBXFileReference; explicitFileType = wrapper.framework; includeInIndex = 0; path = Pods_TestHierarhical.framework; sourceTree = BUILT_PRODUCTS_DIR; };
		FDD4560669A85FE01DE0B812 /* Pods-TestHierarhical.stage.xcconfig */ = {isa = PBXFileReference; includeInIndex = 1; lastKnownFileType = text.xcconfig; name = "Pods-TestHierarhical.stage.xcconfig"; path = "Target Support Files/Pods-TestHierarhical/Pods-TestHierarhical.stage.xcconfig"; sourceTree = "<group>"; };
/* End PBXFileReference section */

/* Begin PBXFrameworksBuildPhase section */
		287627FC1F319065007FA12B /* Frameworks */ = {
			isa = PBXFrameworksBuildPhase;
			buildActionMask = 2147483647;
			files = (
				D12E949B70B48B1C73348710 /* Pods_TestProj.framework in Frameworks */,
			);
			runOnlyForDeploymentPostprocessing = 0;
		};
		453177D725020C530072545B /* Frameworks */ = {
			isa = PBXFrameworksBuildPhase;
			buildActionMask = 2147483647;
			files = (
				77E5CCB183FB7BECF0D06678 /* Pods_TestHierarhical.framework in Frameworks */,
			);
			runOnlyForDeploymentPostprocessing = 0;
		};
/* End PBXFrameworksBuildPhase section */

/* Begin PBXGroup section */
		287627F61F319065007FA12B = {
			isa = PBXGroup;
			children = (
				45964D362282A1FD00C16658 /* mpp-library */,
				45F47910219463C7003D25FA /* src */,
				453177DB25020C530072545B /* TestHierarhical */,
				287628001F319065007FA12B /* Products */,
				7CE340ED7AD97B012428C7FF /* Pods */,
				F139545F1315882E0F40C609 /* Frameworks */,
			);
			indentWidth = 4;
			sourceTree = "<group>";
			tabWidth = 4;
			usesTabs = 0;
		};
		287628001F319065007FA12B /* Products */ = {
			isa = PBXGroup;
			children = (
				287627FF1F319065007FA12B /* mokoSampleResources.app */,
				453177DA25020C530072545B /* TestHierarhical.app */,
			);
			name = Products;
			sourceTree = "<group>";
		};
		453177DB25020C530072545B /* TestHierarhical */ = {
			isa = PBXGroup;
			children = (
				453177DC25020C530072545B /* AppDelegate.swift */,
				453177DE25020C530072545B /* SceneDelegate.swift */,
				453177E025020C530072545B /* ViewController.swift */,
				453177E225020C530072545B /* Main.storyboard */,
				453177E525020C560072545B /* Assets.xcassets */,
				453177E725020C560072545B /* LaunchScreen.storyboard */,
				453177EA25020C560072545B /* Info.plist */,
			);
			path = TestHierarhical;
			sourceTree = "<group>";
		};
		45F47910219463C7003D25FA /* src */ = {
			isa = PBXGroup;
			children = (
				45F47911219463C7003D25FA /* Resources */,
				45F4791A219463C7003D25FA /* Assets.xcassets */,
				45F4791B219463C7003D25FA /* AppDelegate.swift */,
				45F4791C219463C7003D25FA /* Info.plist */,
				45D74FCB22BFDDFD00CAB0C8 /* TestViewController.swift */,
			);
			path = src;
			sourceTree = "<group>";
		};
		45F47911219463C7003D25FA /* Resources */ = {
			isa = PBXGroup;
			children = (
				45F47912219463C7003D25FA /* LaunchScreen.storyboard */,
				45F47914219463C7003D25FA /* Main.storyboard */,
			);
			path = Resources;
			sourceTree = "<group>";
		};
		7CE340ED7AD97B012428C7FF /* Pods */ = {
			isa = PBXGroup;
			children = (
				05125DF0D13EF2DFC3209CED /* Pods-TestHierarhical.debug.xcconfig */,
				E4FC930E788011F7BBD38E8B /* Pods-TestHierarhical.release.xcconfig */,
				6DE60CC1CE316F8CDC57E298 /* Pods-TestProj.debug.xcconfig */,
				A7AD8930FE9B24AEF6764C82 /* Pods-TestProj.release.xcconfig */,
				FDD4560669A85FE01DE0B812 /* Pods-TestHierarhical.stage.xcconfig */,
				C206BEEE1686BE166DF8AEC5 /* Pods-TestProj.stage.xcconfig */,
			);
			path = Pods;
			sourceTree = "<group>";
		};
		F139545F1315882E0F40C609 /* Frameworks */ = {
			isa = PBXGroup;
			children = (
				E7D09DAA14D4E64CD328EA9F /* Pods_TestHierarhical.framework */,
				42EFA3EC31648151F2443F9D /* Pods_TestProj.framework */,
			);
			name = Frameworks;
			sourceTree = "<group>";
		};
/* End PBXGroup section */

/* Begin PBXNativeTarget section */
		287627FE1F319065007FA12B /* TestProj */ = {
			isa = PBXNativeTarget;
			buildConfigurationList = 287628111F319065007FA12B /* Build configuration list for PBXNativeTarget "TestProj" */;
			buildPhases = (
				00FE51B187A2023092321BA5 /* [CP] Check Pods Manifest.lock */,
				287627FB1F319065007FA12B /* Sources */,
				287627FC1F319065007FA12B /* Frameworks */,
				287627FD1F319065007FA12B /* Resources */,
				50C0EB62D0124637A2F6DB8A /* [CP] Embed Pods Frameworks */,
			);
			buildRules = (
			);
			dependencies = (
			);
			name = TestProj;
			productName = TestProj;
			productReference = 287627FF1F319065007FA12B /* mokoSampleResources.app */;
			productType = "com.apple.product-type.application";
		};
		453177D925020C530072545B /* TestHierarhical */ = {
			isa = PBXNativeTarget;
			buildConfigurationList = 453177ED25020C560072545B /* Build configuration list for PBXNativeTarget "TestHierarhical" */;
			buildPhases = (
				192E3A49861B0FBD4C4380F3 /* [CP] Check Pods Manifest.lock */,
				453177D625020C530072545B /* Sources */,
				453177D725020C530072545B /* Frameworks */,
				453177D825020C530072545B /* Resources */,
				45658F4C2502A6250014A2AA /* mokoResources */,
			);
			buildRules = (
			);
			dependencies = (
			);
			name = TestHierarhical;
			productName = TestHierarhical;
			productReference = 453177DA25020C530072545B /* TestHierarhical.app */;
			productType = "com.apple.product-type.application";
		};
/* End PBXNativeTarget section */

/* Begin PBXProject section */
		287627F71F319065007FA12B /* Project object */ = {
			isa = PBXProject;
			attributes = {
				LastSwiftUpdateCheck = 1160;
				LastUpgradeCheck = 0830;
				ORGANIZATIONNAME = "IceRock Development";
				TargetAttributes = {
					287627FE1F319065007FA12B = {
						CreatedOnToolsVersion = 8.3.3;
						LastSwiftMigration = 0940;
					};
					453177D925020C530072545B = {
						CreatedOnToolsVersion = 11.6;
					};
				};
			};
			buildConfigurationList = 287627FA1F319065007FA12B /* Build configuration list for PBXProject "TestProj" */;
			compatibilityVersion = "Xcode 9.3";
			developmentRegion = English;
			hasScannedForEncodings = 0;
			knownRegions = (
				English,
				Base,
				ru,
				en,
			);
			mainGroup = 287627F61F319065007FA12B;
			productRefGroup = 287628001F319065007FA12B /* Products */;
			projectDirPath = "";
			projectRoot = "";
			targets = (
				287627FE1F319065007FA12B /* TestProj */,
				453177D925020C530072545B /* TestHierarhical */,
			);
		};
/* End PBXProject section */

/* Begin PBXResourcesBuildPhase section */
		287627FD1F319065007FA12B /* Resources */ = {
			isa = PBXResourcesBuildPhase;
			buildActionMask = 2147483647;
			files = (
				45F4791E219463C7003D25FA /* Main.storyboard in Resources */,
				45F4791D219463C7003D25FA /* LaunchScreen.storyboard in Resources */,
				45F47921219463C7003D25FA /* Assets.xcassets in Resources */,
			);
			runOnlyForDeploymentPostprocessing = 0;
		};
		453177D825020C530072545B /* Resources */ = {
			isa = PBXResourcesBuildPhase;
			buildActionMask = 2147483647;
			files = (
				453177E925020C560072545B /* LaunchScreen.storyboard in Resources */,
				453177E625020C560072545B /* Assets.xcassets in Resources */,
				453177E425020C530072545B /* Main.storyboard in Resources */,
			);
			runOnlyForDeploymentPostprocessing = 0;
		};
/* End PBXResourcesBuildPhase section */

/* Begin PBXShellScriptBuildPhase section */
		00FE51B187A2023092321BA5 /* [CP] Check Pods Manifest.lock */ = {
			isa = PBXShellScriptBuildPhase;
			buildActionMask = 2147483647;
			files = (
			);
			inputFileListPaths = (
			);
			inputPaths = (
				"${PODS_PODFILE_DIR_PATH}/Podfile.lock",
				"${PODS_ROOT}/Manifest.lock",
			);
			name = "[CP] Check Pods Manifest.lock";
			outputFileListPaths = (
			);
			outputPaths = (
				"$(DERIVED_FILE_DIR)/Pods-TestProj-checkManifestLockResult.txt",
			);
			runOnlyForDeploymentPostprocessing = 0;
			shellPath = /bin/sh;
			shellScript = "diff \"${PODS_PODFILE_DIR_PATH}/Podfile.lock\" \"${PODS_ROOT}/Manifest.lock\" > /dev/null\nif [ $? != 0 ] ; then\n    # print error to STDERR\n    echo \"error: The sandbox is not in sync with the Podfile.lock. Run 'pod install' or update your CocoaPods installation.\" >&2\n    exit 1\nfi\n# This output is used by Xcode 'outputs' to avoid re-running this script phase.\necho \"SUCCESS\" > \"${SCRIPT_OUTPUT_FILE_0}\"\n";
			showEnvVarsInLog = 0;
		};
		192E3A49861B0FBD4C4380F3 /* [CP] Check Pods Manifest.lock */ = {
			isa = PBXShellScriptBuildPhase;
			buildActionMask = 2147483647;
			files = (
			);
			inputFileListPaths = (
			);
			inputPaths = (
				"${PODS_PODFILE_DIR_PATH}/Podfile.lock",
				"${PODS_ROOT}/Manifest.lock",
			);
			name = "[CP] Check Pods Manifest.lock";
			outputFileListPaths = (
			);
			outputPaths = (
				"$(DERIVED_FILE_DIR)/Pods-TestHierarhical-checkManifestLockResult.txt",
			);
			runOnlyForDeploymentPostprocessing = 0;
			shellPath = /bin/sh;
			shellScript = "diff \"${PODS_PODFILE_DIR_PATH}/Podfile.lock\" \"${PODS_ROOT}/Manifest.lock\" > /dev/null\nif [ $? != 0 ] ; then\n    # print error to STDERR\n    echo \"error: The sandbox is not in sync with the Podfile.lock. Run 'pod install' or update your CocoaPods installation.\" >&2\n    exit 1\nfi\n# This output is used by Xcode 'outputs' to avoid re-running this script phase.\necho \"SUCCESS\" > \"${SCRIPT_OUTPUT_FILE_0}\"\n";
			showEnvVarsInLog = 0;
		};
		45658F4C2502A6250014A2AA /* mokoResources */ = {
			isa = PBXShellScriptBuildPhase;
			buildActionMask = 2147483647;
			files = (
			);
			inputFileListPaths = (
			);
			inputPaths = (
			);
			name = mokoResources;
			outputFileListPaths = (
			);
			outputPaths = (
			);
			runOnlyForDeploymentPostprocessing = 0;
			shellPath = /bin/sh;
			shellScript = "\"$SRCROOT/../gradlew\" -p \"$SRCROOT/../../\" :sample:mpp-hierarhical:copyFrameworkResourcesToApp \\\n    -Pmoko.resources.PLATFORM_NAME=$PLATFORM_NAME \\\n    -Pmoko.resources.CONFIGURATION=$CONFIGURATION \\\n    -Pmoko.resources.BUILT_PRODUCTS_DIR=$BUILT_PRODUCTS_DIR \\\n    -Pmoko.resources.CONTENTS_FOLDER_PATH=$CONTENTS_FOLDER_PATH\n";
		};
		50C0EB62D0124637A2F6DB8A /* [CP] Embed Pods Frameworks */ = {
			isa = PBXShellScriptBuildPhase;
			buildActionMask = 2147483647;
			files = (
			);
			inputFileListPaths = (
			);
			name = "[CP] Embed Pods Frameworks";
			outputFileListPaths = (
			);
			runOnlyForDeploymentPostprocessing = 0;
			shellPath = /bin/sh;
			shellScript = "\"${PODS_ROOT}/Target Support Files/Pods-TestProj/Pods-TestProj-frameworks.sh\"\n";
			showEnvVarsInLog = 0;
		};
/* End PBXShellScriptBuildPhase section */

/* Begin PBXSourcesBuildPhase section */
		287627FB1F319065007FA12B /* Sources */ = {
			isa = PBXSourcesBuildPhase;
			buildActionMask = 2147483647;
			files = (
				45D74FCC22BFDDFD00CAB0C8 /* TestViewController.swift in Sources */,
				45F47922219463C7003D25FA /* AppDelegate.swift in Sources */,
			);
			runOnlyForDeploymentPostprocessing = 0;
		};
		453177D625020C530072545B /* Sources */ = {
			isa = PBXSourcesBuildPhase;
			buildActionMask = 2147483647;
			files = (
				453177E125020C530072545B /* ViewController.swift in Sources */,
				453177DD25020C530072545B /* AppDelegate.swift in Sources */,
				453177DF25020C530072545B /* SceneDelegate.swift in Sources */,
			);
			runOnlyForDeploymentPostprocessing = 0;
		};
/* End PBXSourcesBuildPhase section */

/* Begin PBXVariantGroup section */
		453177E225020C530072545B /* Main.storyboard */ = {
			isa = PBXVariantGroup;
			children = (
				453177E325020C530072545B /* Base */,
			);
			name = Main.storyboard;
			sourceTree = "<group>";
		};
		453177E725020C560072545B /* LaunchScreen.storyboard */ = {
			isa = PBXVariantGroup;
			children = (
				453177E825020C560072545B /* Base */,
			);
			name = LaunchScreen.storyboard;
			sourceTree = "<group>";
		};
		45F47912219463C7003D25FA /* LaunchScreen.storyboard */ = {
			isa = PBXVariantGroup;
			children = (
				45F47913219463C7003D25FA /* Base */,
			);
			name = LaunchScreen.storyboard;
			sourceTree = "<group>";
		};
		45F47914219463C7003D25FA /* Main.storyboard */ = {
			isa = PBXVariantGroup;
			children = (
				45F47915219463C7003D25FA /* Base */,
			);
			name = Main.storyboard;
			sourceTree = "<group>";
		};
/* End PBXVariantGroup section */

/* Begin XCBuildConfiguration section */
		22AC886F27918CA700A99F81 /* Stage */ = {
			isa = XCBuildConfiguration;
			buildSettings = {
				CLANG_ANALYZER_LOCALIZABILITY_NONLOCALIZED = YES;
				CURRENT_PROJECT_VERSION = 0;
				DEFINES_MODULE = YES;
				IPHONEOS_DEPLOYMENT_TARGET = 11.0;
				ONLY_ACTIVE_ARCH = YES;
				SWIFT_VERSION = 4.0;
			};
			name = Stage;
		};
		22AC887027918CA700A99F81 /* Stage */ = {
			isa = XCBuildConfiguration;
			baseConfigurationReference = C206BEEE1686BE166DF8AEC5 /* Pods-TestProj.stage.xcconfig */;
			buildSettings = {
				ASSETCATALOG_COMPILER_APPICON_NAME = AppIcon;
				CODE_SIGN_IDENTITY = "Apple Development";
				CODE_SIGN_STYLE = Automatic;
				DEVELOPMENT_TEAM = RF9T8S9829;
				INFOPLIST_FILE = src/Info.plist;
				PRODUCT_BUNDLE_IDENTIFIER = "dev.icerock.moko.sample.resources-test";
				PRODUCT_NAME = mokoSampleResources;
				PROVISIONING_PROFILE_SPECIFIER = "";
				SDKROOT = iphoneos;
				SUPPORTED_PLATFORMS = "iphonesimulator iphoneos";
				SWIFT_SWIFT3_OBJC_INFERENCE = On;
			};
			name = Stage;
		};
		22AC887127918CA700A99F81 /* Stage */ = {
			isa = XCBuildConfiguration;
			baseConfigurationReference = FDD4560669A85FE01DE0B812 /* Pods-TestHierarhical.stage.xcconfig */;
			buildSettings = {
				ALWAYS_SEARCH_USER_PATHS = NO;
				ASSETCATALOG_COMPILER_APPICON_NAME = AppIcon;
				CLANG_ANALYZER_NONNULL = YES;
				CLANG_ANALYZER_NUMBER_OBJECT_CONVERSION = YES_AGGRESSIVE;
				CLANG_CXX_LANGUAGE_STANDARD = "gnu++14";
				CLANG_CXX_LIBRARY = "libc++";
				CLANG_ENABLE_MODULES = YES;
				CLANG_ENABLE_OBJC_ARC = YES;
				CLANG_ENABLE_OBJC_WEAK = YES;
				CLANG_WARN_BLOCK_CAPTURE_AUTORELEASING = YES;
				CLANG_WARN_BOOL_CONVERSION = YES;
				CLANG_WARN_COMMA = YES;
				CLANG_WARN_CONSTANT_CONVERSION = YES;
				CLANG_WARN_DEPRECATED_OBJC_IMPLEMENTATIONS = YES;
				CLANG_WARN_DIRECT_OBJC_ISA_USAGE = YES_ERROR;
				CLANG_WARN_DOCUMENTATION_COMMENTS = YES;
				CLANG_WARN_EMPTY_BODY = YES;
				CLANG_WARN_ENUM_CONVERSION = YES;
				CLANG_WARN_INFINITE_RECURSION = YES;
				CLANG_WARN_INT_CONVERSION = YES;
				CLANG_WARN_NON_LITERAL_NULL_CONVERSION = YES;
				CLANG_WARN_OBJC_IMPLICIT_RETAIN_SELF = YES;
				CLANG_WARN_OBJC_LITERAL_CONVERSION = YES;
				CLANG_WARN_OBJC_ROOT_CLASS = YES_ERROR;
				CLANG_WARN_RANGE_LOOP_ANALYSIS = YES;
				CLANG_WARN_STRICT_PROTOTYPES = YES;
				CLANG_WARN_SUSPICIOUS_MOVE = YES;
				CLANG_WARN_UNGUARDED_AVAILABILITY = YES_AGGRESSIVE;
				CLANG_WARN_UNREACHABLE_CODE = YES;
				CLANG_WARN__DUPLICATE_METHOD_MATCH = YES;
				CODE_SIGN_STYLE = Automatic;
				COPY_PHASE_STRIP = NO;
				DEBUG_INFORMATION_FORMAT = "dwarf-with-dsym";
				DEVELOPMENT_TEAM = RF9T8S9829;
				ENABLE_NS_ASSERTIONS = NO;
				ENABLE_STRICT_OBJC_MSGSEND = YES;
				GCC_C_LANGUAGE_STANDARD = gnu11;
				GCC_NO_COMMON_BLOCKS = YES;
				GCC_WARN_64_TO_32_BIT_CONVERSION = YES;
				GCC_WARN_ABOUT_RETURN_TYPE = YES_ERROR;
				GCC_WARN_UNDECLARED_SELECTOR = YES;
				GCC_WARN_UNINITIALIZED_AUTOS = YES_AGGRESSIVE;
				GCC_WARN_UNUSED_FUNCTION = YES;
				GCC_WARN_UNUSED_VARIABLE = YES;
				INFOPLIST_FILE = TestHierarhical/Info.plist;
				IPHONEOS_DEPLOYMENT_TARGET = 13.6;
				LD_RUNPATH_SEARCH_PATHS = (
					"$(inherited)",
					"@executable_path/Frameworks",
				);
				MTL_ENABLE_DEBUG_INFO = NO;
				MTL_FAST_MATH = YES;
				PRODUCT_BUNDLE_IDENTIFIER = "dev.icerock.moko.sample.resources-test-hierarhical";
				PRODUCT_NAME = "$(TARGET_NAME)";
				SDKROOT = iphoneos;
				SWIFT_COMPILATION_MODE = wholemodule;
				SWIFT_OPTIMIZATION_LEVEL = "-O";
				SWIFT_VERSION = 5.0;
				TARGETED_DEVICE_FAMILY = "1,2";
				VALIDATE_PRODUCT = YES;
			};
			name = Stage;
		};
		2876280F1F319065007FA12B /* Debug */ = {
			isa = XCBuildConfiguration;
			buildSettings = {
				CLANG_ANALYZER_LOCALIZABILITY_NONLOCALIZED = YES;
				CURRENT_PROJECT_VERSION = 0;
				DEFINES_MODULE = YES;
				IPHONEOS_DEPLOYMENT_TARGET = 11.0;
				ONLY_ACTIVE_ARCH = YES;
				SWIFT_VERSION = 4.0;
			};
			name = Debug;
		};
		287628101F319065007FA12B /* Release */ = {
			isa = XCBuildConfiguration;
			buildSettings = {
				CLANG_ANALYZER_LOCALIZABILITY_NONLOCALIZED = YES;
				CURRENT_PROJECT_VERSION = 0;
				DEFINES_MODULE = YES;
				IPHONEOS_DEPLOYMENT_TARGET = 11.0;
				ONLY_ACTIVE_ARCH = YES;
				SWIFT_VERSION = 4.0;
			};
			name = Release;
		};
		287628121F319065007FA12B /* Debug */ = {
			isa = XCBuildConfiguration;
			baseConfigurationReference = 6DE60CC1CE316F8CDC57E298 /* Pods-TestProj.debug.xcconfig */;
			buildSettings = {
				ASSETCATALOG_COMPILER_APPICON_NAME = AppIcon;
				CODE_SIGN_IDENTITY = "Apple Development";
				CODE_SIGN_STYLE = Automatic;
				DEVELOPMENT_TEAM = RF9T8S9829;
				INFOPLIST_FILE = src/Info.plist;
				PRODUCT_BUNDLE_IDENTIFIER = "dev.icerock.moko.sample.resources-test";
				PRODUCT_NAME = mokoSampleResources;
				PROVISIONING_PROFILE_SPECIFIER = "";
				SDKROOT = iphoneos;
				SUPPORTED_PLATFORMS = "iphonesimulator iphoneos";
				SWIFT_SWIFT3_OBJC_INFERENCE = On;
			};
			name = Debug;
		};
		287628131F319065007FA12B /* Release */ = {
			isa = XCBuildConfiguration;
			baseConfigurationReference = A7AD8930FE9B24AEF6764C82 /* Pods-TestProj.release.xcconfig */;
			buildSettings = {
				ASSETCATALOG_COMPILER_APPICON_NAME = AppIcon;
				CODE_SIGN_IDENTITY = "Apple Development";
				CODE_SIGN_STYLE = Automatic;
				DEVELOPMENT_TEAM = RF9T8S9829;
				INFOPLIST_FILE = src/Info.plist;
				PRODUCT_BUNDLE_IDENTIFIER = "dev.icerock.moko.sample.resources-test";
				PRODUCT_NAME = mokoSampleResources;
				PROVISIONING_PROFILE_SPECIFIER = "";
				SDKROOT = iphoneos;
				SUPPORTED_PLATFORMS = "iphonesimulator iphoneos";
				SWIFT_SWIFT3_OBJC_INFERENCE = On;
			};
			name = Release;
		};
		453177EB25020C560072545B /* Debug */ = {
			isa = XCBuildConfiguration;
			baseConfigurationReference = 05125DF0D13EF2DFC3209CED /* Pods-TestHierarhical.debug.xcconfig */;
			buildSettings = {
				ALWAYS_SEARCH_USER_PATHS = NO;
				ASSETCATALOG_COMPILER_APPICON_NAME = AppIcon;
				CLANG_ANALYZER_NONNULL = YES;
				CLANG_ANALYZER_NUMBER_OBJECT_CONVERSION = YES_AGGRESSIVE;
				CLANG_CXX_LANGUAGE_STANDARD = "gnu++14";
				CLANG_CXX_LIBRARY = "libc++";
				CLANG_ENABLE_MODULES = YES;
				CLANG_ENABLE_OBJC_ARC = YES;
				CLANG_ENABLE_OBJC_WEAK = YES;
				CLANG_WARN_BLOCK_CAPTURE_AUTORELEASING = YES;
				CLANG_WARN_BOOL_CONVERSION = YES;
				CLANG_WARN_COMMA = YES;
				CLANG_WARN_CONSTANT_CONVERSION = YES;
				CLANG_WARN_DEPRECATED_OBJC_IMPLEMENTATIONS = YES;
				CLANG_WARN_DIRECT_OBJC_ISA_USAGE = YES_ERROR;
				CLANG_WARN_DOCUMENTATION_COMMENTS = YES;
				CLANG_WARN_EMPTY_BODY = YES;
				CLANG_WARN_ENUM_CONVERSION = YES;
				CLANG_WARN_INFINITE_RECURSION = YES;
				CLANG_WARN_INT_CONVERSION = YES;
				CLANG_WARN_NON_LITERAL_NULL_CONVERSION = YES;
				CLANG_WARN_OBJC_IMPLICIT_RETAIN_SELF = YES;
				CLANG_WARN_OBJC_LITERAL_CONVERSION = YES;
				CLANG_WARN_OBJC_ROOT_CLASS = YES_ERROR;
				CLANG_WARN_RANGE_LOOP_ANALYSIS = YES;
				CLANG_WARN_STRICT_PROTOTYPES = YES;
				CLANG_WARN_SUSPICIOUS_MOVE = YES;
				CLANG_WARN_UNGUARDED_AVAILABILITY = YES_AGGRESSIVE;
				CLANG_WARN_UNREACHABLE_CODE = YES;
				CLANG_WARN__DUPLICATE_METHOD_MATCH = YES;
				CODE_SIGN_STYLE = Automatic;
				COPY_PHASE_STRIP = NO;
				DEBUG_INFORMATION_FORMAT = dwarf;
				DEVELOPMENT_TEAM = RF9T8S9829;
				ENABLE_STRICT_OBJC_MSGSEND = YES;
				ENABLE_TESTABILITY = YES;
				GCC_C_LANGUAGE_STANDARD = gnu11;
				GCC_DYNAMIC_NO_PIC = NO;
				GCC_NO_COMMON_BLOCKS = YES;
				GCC_OPTIMIZATION_LEVEL = 0;
				GCC_PREPROCESSOR_DEFINITIONS = (
					"DEBUG=1",
					"$(inherited)",
				);
				GCC_WARN_64_TO_32_BIT_CONVERSION = YES;
				GCC_WARN_ABOUT_RETURN_TYPE = YES_ERROR;
				GCC_WARN_UNDECLARED_SELECTOR = YES;
				GCC_WARN_UNINITIALIZED_AUTOS = YES_AGGRESSIVE;
				GCC_WARN_UNUSED_FUNCTION = YES;
				GCC_WARN_UNUSED_VARIABLE = YES;
				INFOPLIST_FILE = TestHierarhical/Info.plist;
				IPHONEOS_DEPLOYMENT_TARGET = 13.6;
				LD_RUNPATH_SEARCH_PATHS = (
					"$(inherited)",
					"@executable_path/Frameworks",
				);
				MTL_ENABLE_DEBUG_INFO = INCLUDE_SOURCE;
				MTL_FAST_MATH = YES;
				ONLY_ACTIVE_ARCH = YES;
				PRODUCT_BUNDLE_IDENTIFIER = "dev.icerock.moko.sample.resources-test-hierarhical";
				PRODUCT_NAME = "$(TARGET_NAME)";
				SDKROOT = iphoneos;
				SWIFT_ACTIVE_COMPILATION_CONDITIONS = DEBUG;
				SWIFT_OPTIMIZATION_LEVEL = "-Onone";
				SWIFT_VERSION = 5.0;
				TARGETED_DEVICE_FAMILY = "1,2";
			};
			name = Debug;
		};
		453177EC25020C560072545B /* Release */ = {
			isa = XCBuildConfiguration;
			baseConfigurationReference = E4FC930E788011F7BBD38E8B /* Pods-TestHierarhical.release.xcconfig */;
			buildSettings = {
				ALWAYS_SEARCH_USER_PATHS = NO;
				ASSETCATALOG_COMPILER_APPICON_NAME = AppIcon;
				CLANG_ANALYZER_NONNULL = YES;
				CLANG_ANALYZER_NUMBER_OBJECT_CONVERSION = YES_AGGRESSIVE;
				CLANG_CXX_LANGUAGE_STANDARD = "gnu++14";
				CLANG_CXX_LIBRARY = "libc++";
				CLANG_ENABLE_MODULES = YES;
				CLANG_ENABLE_OBJC_ARC = YES;
				CLANG_ENABLE_OBJC_WEAK = YES;
				CLANG_WARN_BLOCK_CAPTURE_AUTORELEASING = YES;
				CLANG_WARN_BOOL_CONVERSION = YES;
				CLANG_WARN_COMMA = YES;
				CLANG_WARN_CONSTANT_CONVERSION = YES;
				CLANG_WARN_DEPRECATED_OBJC_IMPLEMENTATIONS = YES;
				CLANG_WARN_DIRECT_OBJC_ISA_USAGE = YES_ERROR;
				CLANG_WARN_DOCUMENTATION_COMMENTS = YES;
				CLANG_WARN_EMPTY_BODY = YES;
				CLANG_WARN_ENUM_CONVERSION = YES;
				CLANG_WARN_INFINITE_RECURSION = YES;
				CLANG_WARN_INT_CONVERSION = YES;
				CLANG_WARN_NON_LITERAL_NULL_CONVERSION = YES;
				CLANG_WARN_OBJC_IMPLICIT_RETAIN_SELF = YES;
				CLANG_WARN_OBJC_LITERAL_CONVERSION = YES;
				CLANG_WARN_OBJC_ROOT_CLASS = YES_ERROR;
				CLANG_WARN_RANGE_LOOP_ANALYSIS = YES;
				CLANG_WARN_STRICT_PROTOTYPES = YES;
				CLANG_WARN_SUSPICIOUS_MOVE = YES;
				CLANG_WARN_UNGUARDED_AVAILABILITY = YES_AGGRESSIVE;
				CLANG_WARN_UNREACHABLE_CODE = YES;
				CLANG_WARN__DUPLICATE_METHOD_MATCH = YES;
				CODE_SIGN_STYLE = Automatic;
				COPY_PHASE_STRIP = NO;
				DEBUG_INFORMATION_FORMAT = "dwarf-with-dsym";
				DEVELOPMENT_TEAM = RF9T8S9829;
				ENABLE_NS_ASSERTIONS = NO;
				ENABLE_STRICT_OBJC_MSGSEND = YES;
				GCC_C_LANGUAGE_STANDARD = gnu11;
				GCC_NO_COMMON_BLOCKS = YES;
				GCC_WARN_64_TO_32_BIT_CONVERSION = YES;
				GCC_WARN_ABOUT_RETURN_TYPE = YES_ERROR;
				GCC_WARN_UNDECLARED_SELECTOR = YES;
				GCC_WARN_UNINITIALIZED_AUTOS = YES_AGGRESSIVE;
				GCC_WARN_UNUSED_FUNCTION = YES;
				GCC_WARN_UNUSED_VARIABLE = YES;
				INFOPLIST_FILE = TestHierarhical/Info.plist;
				IPHONEOS_DEPLOYMENT_TARGET = 13.6;
				LD_RUNPATH_SEARCH_PATHS = (
					"$(inherited)",
					"@executable_path/Frameworks",
				);
				MTL_ENABLE_DEBUG_INFO = NO;
				MTL_FAST_MATH = YES;
				PRODUCT_BUNDLE_IDENTIFIER = "dev.icerock.moko.sample.resources-test-hierarhical";
				PRODUCT_NAME = "$(TARGET_NAME)";
				SDKROOT = iphoneos;
				SWIFT_COMPILATION_MODE = wholemodule;
				SWIFT_OPTIMIZATION_LEVEL = "-O";
				SWIFT_VERSION = 5.0;
				TARGETED_DEVICE_FAMILY = "1,2";
				VALIDATE_PRODUCT = YES;
			};
			name = Release;
		};
/* End XCBuildConfiguration section */

/* Begin XCConfigurationList section */
		287627FA1F319065007FA12B /* Build configuration list for PBXProject "TestProj" */ = {
			isa = XCConfigurationList;
			buildConfigurations = (
				2876280F1F319065007FA12B /* Debug */,
				287628101F319065007FA12B /* Release */,
				22AC886F27918CA700A99F81 /* Stage */,
			);
			defaultConfigurationIsVisible = 0;
			defaultConfigurationName = Release;
		};
		287628111F319065007FA12B /* Build configuration list for PBXNativeTarget "TestProj" */ = {
			isa = XCConfigurationList;
			buildConfigurations = (
				287628121F319065007FA12B /* Debug */,
				287628131F319065007FA12B /* Release */,
				22AC887027918CA700A99F81 /* Stage */,
			);
			defaultConfigurationIsVisible = 0;
			defaultConfigurationName = Release;
		};
		453177ED25020C560072545B /* Build configuration list for PBXNativeTarget "TestHierarhical" */ = {
			isa = XCConfigurationList;
			buildConfigurations = (
				453177EB25020C560072545B /* Debug */,
				453177EC25020C560072545B /* Release */,
				22AC887127918CA700A99F81 /* Stage */,
			);
			defaultConfigurationIsVisible = 0;
			defaultConfigurationName = Release;
		};
/* End XCConfigurationList section */
	};
	rootObject = 287627F71F319065007FA12B /* Project object */;
}
